
Microsoft Visual Studio Solution File, Format Version 12.00
# Visual Studio 15
Project("{FAE04EC0-301F-11D3-BF4B-00C04F79EFBC}") = "Lab1", "Lab1\Lab1.csproj", "{630730FC-B573-49DD-A3BC-E94D4BDF6B9D}"
EndProject
Project("{FAE04EC0-301F-11D3-BF4B-00C04F79EFBC}") = "Lab2", "Lab2\Lab2.csproj", "{B5346B56-D47F-4BCC-AE31-CF0FF3C6264C}"
EndProject
Project("{FAE04EC0-301F-11D3-BF4B-00C04F79EFBC}") = "Lab3.1", "Lab3.1\Lab3.1.csproj", "{FAD41D69-BA8C-494E-85E3-1D78D59EE5A7}"
EndProject
Project("{FAE04EC0-301F-11D3-BF4B-00C04F79EFBC}") = "Lab3.2", "Lab3.2\Lab3.2.csproj", "{3FD2296B-FAF1-4F9C-8909-4584641A9C96}"
EndProject
Project("{FAE04EC0-301F-11D3-BF4B-00C04F79EFBC}") = "Lab4.1", "Lab4.1\Lab4.1.csproj", "{488D96DB-93CA-483E-BBF2-9A08C673F0AA}"
EndProject
Project("{FAE04EC0-301F-11D3-BF4B-00C04F79EFBC}") = "Lab4.2", "Lab4.2\Lab4.2.csproj", "{DB144264-D707-4421-A33C-A37CFEC74BC5}"
EndProject
Project("{FAE04EC0-301F-11D3-BF4B-00C04F79EFBC}") = "Lab4.3", "Lab4.3\Lab4.3.csproj", "{C471C651-7C25-4047-BFF9-722693143B1F}"
EndProject
Project("{FAE04EC0-301F-11D3-BF4B-00C04F79EFBC}") = "Lab4.4", "Lab4.4\Lab4.4.csproj", "{E8CC97BA-E016-44EC-93E2-1C0B857D6097}"
EndProject
Project("{FAE04EC0-301F-11D3-BF4B-00C04F79EFBC}") = "Lab5.1", "Lab5.1\Lab5.1.csproj", "{A9DB0C89-2074-4AF1-AD99-705A637A283C}"
EndProject
Project("{FAE04EC0-301F-11D3-BF4B-00C04F79EFBC}") = "Lab5.2", "Lab5.2\Lab5.2.csproj", "{9B80B3E4-BB02-4303-B730-CE6A3CFB30B1}"
EndProject
Project("{FAE04EC0-301F-11D3-BF4B-00C04F79EFBC}") = "Lab6", "Lab6\Lab6.csproj", "{821BEBF1-3AB3-4E6D-B21A-767D2F67E381}"
EndProject
Project("{FAE04EC0-301F-11D3-BF4B-00C04F79EFBC}") = "Lab7.1", "Lab7.1\Lab7.1.csproj", "{B070F9AB-9777-4A23-AF0C-534939DC4C4B}"
EndProject
Project("{FAE04EC0-301F-11D3-BF4B-00C04F79EFBC}") = "Lab7.2", "Lab7.2\Lab7.2.csproj", "{EB222090-8606-4DA6-B5E8-DFB4091A2310}"
EndProject
Project("{FAE04EC0-301F-11D3-BF4B-00C04F79EFBC}") = "Lab9.1", "Lab9.1\Lab9.1.csproj", "{ACEE128B-FDAB-4615-B430-3C00AE655DAB}"
EndProject
Project("{FAE04EC0-301F-11D3-BF4B-00C04F79EFBC}") = "Lab9.2", "Lab9.2\Lab9.2.csproj", "{C75B4FEC-9AF2-4CB4-95D7-5EDFEE8A1DA3}"
EndProject
Project("{FAE04EC0-301F-11D3-BF4B-00C04F79EFBC}") = "Lab10.1", "Lab10.1\Lab10.1.csproj", "{18D565F2-7687-4331-AD1F-0AA09D39311A}"
EndProject
Project("{FAE04EC0-301F-11D3-BF4B-00C04F79EFBC}") = "Lab10.2", "Lab10.2\Lab10.2.csproj", "{18D565F2-7687-4331-AD1F-0AA09D39312A}"
EndProject
Project("{FAE04EC0-301F-11D3-BF4B-00C04F79EFBC}") = "Lab10.3", "Lab10.3\Lab10.3.csproj", "{5B39146C-DBEF-4C73-BA1D-BB15BBF5CFA2}"
EndProject
Project("{FAE04EC0-301F-11D3-BF4B-00C04F79EFBC}") = "Lab10.4", "Lab10.4\Lab10.4.csproj", "{73DCD844-F789-4773-912B-D046601BD6EA}"
EndProject
Global
	GlobalSection(SolutionConfigurationPlatforms) = preSolution
		Debug|Any CPU = Debug|Any CPU
		Release|Any CPU = Release|Any CPU
	EndGlobalSection
	GlobalSection(ProjectConfigurationPlatforms) = postSolution
		{FAD41D69-BA8C-494E-85E3-1D78D59EE5A7}.Debug|Any CPU.ActiveCfg = Debug|Any CPU
		{FAD41D69-BA8C-494E-85E3-1D78D59EE5A7}.Debug|Any CPU.Build.0 = Debug|Any CPU
		{FAD41D69-BA8C-494E-85E3-1D78D59EE5A7}.Release|Any CPU.ActiveCfg = Release|Any CPU
		{FAD41D69-BA8C-494E-85E3-1D78D59EE5A7}.Release|Any CPU.Build.0 = Release|Any CPU
		{3FD2296B-FAF1-4F9C-8909-4584641A9C96}.Debug|Any CPU.ActiveCfg = Debug|Any CPU
		{3FD2296B-FAF1-4F9C-8909-4584641A9C96}.Debug|Any CPU.Build.0 = Debug|Any CPU
		{3FD2296B-FAF1-4F9C-8909-4584641A9C96}.Release|Any CPU.ActiveCfg = Release|Any CPU
		{3FD2296B-FAF1-4F9C-8909-4584641A9C96}.Release|Any CPU.Build.0 = Release|Any CPU
		{488D96DB-93CA-483E-BBF2-9A08C673F0AA}.Debug|Any CPU.ActiveCfg = Debug|Any CPU
		{488D96DB-93CA-483E-BBF2-9A08C673F0AA}.Debug|Any CPU.Build.0 = Debug|Any CPU
		{488D96DB-93CA-483E-BBF2-9A08C673F0AA}.Release|Any CPU.ActiveCfg = Release|Any CPU
		{488D96DB-93CA-483E-BBF2-9A08C673F0AA}.Release|Any CPU.Build.0 = Release|Any CPU
		{DB144264-D707-4421-A33C-A37CFEC74BC5}.Debug|Any CPU.ActiveCfg = Debug|Any CPU
		{DB144264-D707-4421-A33C-A37CFEC74BC5}.Debug|Any CPU.Build.0 = Debug|Any CPU
		{DB144264-D707-4421-A33C-A37CFEC74BC5}.Release|Any CPU.ActiveCfg = Release|Any CPU
		{DB144264-D707-4421-A33C-A37CFEC74BC5}.Release|Any CPU.Build.0 = Release|Any CPU
		{C471C651-7C25-4047-BFF9-722693143B1F}.Debug|Any CPU.ActiveCfg = Debug|Any CPU
		{C471C651-7C25-4047-BFF9-722693143B1F}.Debug|Any CPU.Build.0 = Debug|Any CPU
		{C471C651-7C25-4047-BFF9-722693143B1F}.Release|Any CPU.ActiveCfg = Release|Any CPU
		{C471C651-7C25-4047-BFF9-722693143B1F}.Release|Any CPU.Build.0 = Release|Any CPU
		{E8CC97BA-E016-44EC-93E2-1C0B857D6097}.Debug|Any CPU.ActiveCfg = Debug|Any CPU
		{E8CC97BA-E016-44EC-93E2-1C0B857D6097}.Debug|Any CPU.Build.0 = Debug|Any CPU
		{E8CC97BA-E016-44EC-93E2-1C0B857D6097}.Release|Any CPU.ActiveCfg = Release|Any CPU
		{E8CC97BA-E016-44EC-93E2-1C0B857D6097}.Release|Any CPU.Build.0 = Release|Any CPU
		{A9DB0C89-2074-4AF1-AD99-705A637A283C}.Debug|Any CPU.ActiveCfg = Debug|Any CPU
		{A9DB0C89-2074-4AF1-AD99-705A637A283C}.Debug|Any CPU.Build.0 = Debug|Any CPU
		{A9DB0C89-2074-4AF1-AD99-705A637A283C}.Release|Any CPU.ActiveCfg = Release|Any CPU
		{A9DB0C89-2074-4AF1-AD99-705A637A283C}.Release|Any CPU.Build.0 = Release|Any CPU
		{9B80B3E4-BB02-4303-B730-CE6A3CFB30B1}.Debug|Any CPU.ActiveCfg = Debug|Any CPU
		{9B80B3E4-BB02-4303-B730-CE6A3CFB30B1}.Debug|Any CPU.Build.0 = Debug|Any CPU
		{9B80B3E4-BB02-4303-B730-CE6A3CFB30B1}.Release|Any CPU.ActiveCfg = Release|Any CPU
		{9B80B3E4-BB02-4303-B730-CE6A3CFB30B1}.Release|Any CPU.Build.0 = Release|Any CPU
		{821BEBF1-3AB3-4E6D-B21A-767D2F67E381}.Debug|Any CPU.ActiveCfg = Debug|Any CPU
		{821BEBF1-3AB3-4E6D-B21A-767D2F67E381}.Debug|Any CPU.Build.0 = Debug|Any CPU
		{821BEBF1-3AB3-4E6D-B21A-767D2F67E381}.Release|Any CPU.ActiveCfg = Release|Any CPU
		{821BEBF1-3AB3-4E6D-B21A-767D2F67E381}.Release|Any CPU.Build.0 = Release|Any CPU
		{ACEE128B-FDAB-4615-B430-3C00AE655DAB}.Debug|Any CPU.ActiveCfg = Debug|Any CPU
		{ACEE128B-FDAB-4615-B430-3C00AE655DAB}.Debug|Any CPU.Build.0 = Debug|Any CPU
		{ACEE128B-FDAB-4615-B430-3C00AE655DAB}.Release|Any CPU.ActiveCfg = Release|Any CPU
		{ACEE128B-FDAB-4615-B430-3C00AE655DAB}.Release|Any CPU.Build.0 = Release|Any CPU
		{EB222090-8606-4DA6-B5E8-DFB4091A2310}.Debug|Any CPU.ActiveCfg = Debug|Any CPU
		{EB222090-8606-4DA6-B5E8-DFB4091A2310}.Debug|Any CPU.Build.0 = Debug|Any CPU
		{EB222090-8606-4DA6-B5E8-DFB4091A2310}.Release|Any CPU.ActiveCfg = Release|Any CPU
		{EB222090-8606-4DA6-B5E8-DFB4091A2310}.Release|Any CPU.Build.0 = Release|Any CPU
		{B070F9AB-9777-4A23-AF0C-534939DC4C4B}.Debug|Any CPU.ActiveCfg = Debug|Any CPU
		{B070F9AB-9777-4A23-AF0C-534939DC4C4B}.Debug|Any CPU.Build.0 = Debug|Any CPU
		{B070F9AB-9777-4A23-AF0C-534939DC4C4B}.Release|Any CPU.ActiveCfg = Release|Any CPU
		{B070F9AB-9777-4A23-AF0C-534939DC4C4B}.Release|Any CPU.Build.0 = Release|Any CPU
		{18D565F2-7687-4331-AD1F-0AA09D39311A}.Debug|Any CPU.ActiveCfg = Debug|Any CPU
		{18D565F2-7687-4331-AD1F-0AA09D39311A}.Debug|Any CPU.Build.0 = Debug|Any CPU
		{18D565F2-7687-4331-AD1F-0AA09D39311A}.Release|Any CPU.ActiveCfg = Release|Any CPU
		{18D565F2-7687-4331-AD1F-0AA09D39311A}.Release|Any CPU.Build.0 = Release|Any CPU
		{18D565F2-7687-4331-AD1F-0AA09D39312A}.Debug|Any CPU.ActiveCfg = Debug|Any CPU
		{18D565F2-7687-4331-AD1F-0AA09D39312A}.Debug|Any CPU.Build.0 = Debug|Any CPU
		{18D565F2-7687-4331-AD1F-0AA09D39312A}.Release|Any CPU.ActiveCfg = Release|Any CPU
		{18D565F2-7687-4331-AD1F-0AA09D39312A}.Release|Any CPU.Build.0 = Release|Any CPU
		{73DCD844-F789-4773-912B-D046601BD6EA}.Debug|Any CPU.ActiveCfg = Debug|Any CPU
		{73DCD844-F789-4773-912B-D046601BD6EA}.Debug|Any CPU.Build.0 = Debug|Any CPU
		{73DCD844-F789-4773-912B-D046601BD6EA}.Release|Any CPU.ActiveCfg = Release|Any CPU
		{73DCD844-F789-4773-912B-D046601BD6EA}.Release|Any CPU.Build.0 = Release|Any CPU
		{5B39146C-DBEF-4C73-BA1D-BB15BBF5CFA2}.Debug|Any CPU.ActiveCfg = Debug|Any CPU
		{5B39146C-DBEF-4C73-BA1D-BB15BBF5CFA2}.Debug|Any CPU.Build.0 = Debug|Any CPU
		{5B39146C-DBEF-4C73-BA1D-BB15BBF5CFA2}.Release|Any CPU.ActiveCfg = Release|Any CPU
		{5B39146C-DBEF-4C73-BA1D-BB15BBF5CFA2}.Release|Any CPU.Build.0 = Release|Any CPU
		{B5346B56-D47F-4BCC-AE31-CF0FF3C6264C}.Debug|Any CPU.ActiveCfg = Debug|Any CPU
		{B5346B56-D47F-4BCC-AE31-CF0FF3C6264C}.Debug|Any CPU.Build.0 = Debug|Any CPU
		{B5346B56-D47F-4BCC-AE31-CF0FF3C6264C}.Release|Any CPU.ActiveCfg = Release|Any CPU
		{B5346B56-D47F-4BCC-AE31-CF0FF3C6264C}.Release|Any CPU.Build.0 = Release|Any CPU
		{630730FC-B573-49DD-A3BC-E94D4BDF6B9D}.Debug|Any CPU.ActiveCfg = Debug|Any CPU
		{630730FC-B573-49DD-A3BC-E94D4BDF6B9D}.Debug|Any CPU.Build.0 = Debug|Any CPU
		{630730FC-B573-49DD-A3BC-E94D4BDF6B9D}.Release|Any CPU.ActiveCfg = Release|Any CPU
		{630730FC-B573-49DD-A3BC-E94D4BDF6B9D}.Release|Any CPU.Build.0 = Release|Any CPU
		{C75B4FEC-9AF2-4CB4-95D7-5EDFEE8A1DA3}.Debug|Any CPU.ActiveCfg = Debug|Any CPU
		{C75B4FEC-9AF2-4CB4-95D7-5EDFEE8A1DA3}.Debug|Any CPU.Build.0 = Debug|Any CPU
		{C75B4FEC-9AF2-4CB4-95D7-5EDFEE8A1DA3}.Release|Any CPU.ActiveCfg = Release|Any CPU
		{C75B4FEC-9AF2-4CB4-95D7-5EDFEE8A1DA3}.Release|Any CPU.Build.0 = Release|Any CPU
		{47EA3D4C-4E55-48E2-B417-D9BEDB79A0A6}.Debug|Any CPU.ActiveCfg = Debug|Any CPU
		{47EA3D4C-4E55-48E2-B417-D9BEDB79A0A6}.Debug|Any CPU.Build.0 = Debug|Any CPU
		{47EA3D4C-4E55-48E2-B417-D9BEDB79A0A6}.Release|Any CPU.ActiveCfg = Release|Any CPU
		{47EA3D4C-4E55-48E2-B417-D9BEDB79A0A6}.Release|Any CPU.Build.0 = Release|Any CPU
	EndGlobalSection
EndGlobal
